
Microsoft Visual Studio Solution File, Format Version 12.00
# Visual Studio Version 16
VisualStudioVersion = 16.0.29806.167
MinimumVisualStudioVersion = 10.0.40219.1
Project("{8BC9CEB8-8B4A-11D0-8D11-00A0C91BC942}") = "Reverse txt file", "Reverse txt file\Reverse txt file.vcxproj", "{C267D838-6ACF-4DA1-B28D-E43875915CD8}"
EndProject
Global
	GlobalSection(SolutionConfigurationPlatforms) = preSolution
		Debug|x64 = Debug|x64
		Debug|x86 = Debug|x86
		Release|x64 = Release|x64
		Release|x86 = Release|x86
	EndGlobalSection
	GlobalSection(ProjectConfigurationPlatforms) = postSolution
		{C267D838-6ACF-4DA1-B28D-E43875915CD8}.Debug|x64.ActiveCfg = Debug|x64
		{C267D838-6ACF-4DA1-B28D-E43875915CD8}.Debug|x64.Build.0 = Debug|x64
		{C267D838-6ACF-4DA1-B28D-E43875915CD8}.Debug|x86.ActiveCfg = Debug|Win32
		{C267D838-6ACF-4DA1-B28D-E43875915CD8}.Debug|x86.Build.0 = Debug|Win32
		{C267D838-6ACF-4DA1-B28D-E43875915CD8}.Release|x64.ActiveCfg = Release|x64
		{C267D838-6ACF-4DA1-B28D-E43875915CD8}.Release|x64.Build.0 = Release|x64
		{C267D838-6ACF-4DA1-B28D-E43875915CD8}.Release|x86.ActiveCfg = Release|Win32
		{C267D838-6ACF-4DA1-B28D-E43875915CD8}.Release|x86.Build.0 = Release|Win32
	EndGlobalSection
	GlobalSection(SolutionProperties) = preSolution
		HideSolutionNode = FALSE
	EndGlobalSection
	GlobalSection(ExtensibilityGlobals) = postSolution
		SolutionGuid = {934AF53E-5884-4FB5-81F7-82D59A6583E6}
	EndGlobalSection
EndGlobal
